// !$*UTF8*$!
{
	archiveVersion = 1;
	classes = {
	};
	objectVersion = 50;
	objects = {

/* Begin PBXBuildFile section */
		4F88860F2432D553006291E5 /* AppDelegate.swift in Sources */ = {isa = PBXBuildFile; fileRef = 4F88860E2432D553006291E5 /* AppDelegate.swift */; };
		4F8886112432D553006291E5 /* SceneDelegate.swift in Sources */ = {isa = PBXBuildFile; fileRef = 4F8886102432D553006291E5 /* SceneDelegate.swift */; };
		4F8886132432D553006291E5 /* ViewController.swift in Sources */ = {isa = PBXBuildFile; fileRef = 4F8886122432D553006291E5 /* ViewController.swift */; };
		4F8886162432D553006291E5 /* Main.storyboard in Resources */ = {isa = PBXBuildFile; fileRef = 4F8886142432D553006291E5 /* Main.storyboard */; };
		4F8886182432D556006291E5 /* Assets.xcassets in Resources */ = {isa = PBXBuildFile; fileRef = 4F8886172432D556006291E5 /* Assets.xcassets */; };
		4F88861B2432D556006291E5 /* LaunchScreen.storyboard in Resources */ = {isa = PBXBuildFile; fileRef = 4F8886192432D556006291E5 /* LaunchScreen.storyboard */; };
		4F8886262432D556006291E5 /* TicTacInfinityTests.swift in Sources */ = {isa = PBXBuildFile; fileRef = 4F8886252432D556006291E5 /* TicTacInfinityTests.swift */; };
		4F8886312432D556006291E5 /* TicTacInfinityUITests.swift in Sources */ = {isa = PBXBuildFile; fileRef = 4F8886302432D556006291E5 /* TicTacInfinityUITests.swift */; };
/* End PBXBuildFile section */

/* Begin PBXContainerItemProxy section */
		4F8886222432D556006291E5 /* PBXContainerItemProxy */ = {
			isa = PBXContainerItemProxy;
			containerPortal = 4F8886032432D553006291E5 /* Project object */;
			proxyType = 1;
			remoteGlobalIDString = 4F88860A2432D553006291E5;
			remoteInfo = TicTacInfinity;
		};
		4F88862D2432D556006291E5 /* PBXContainerItemProxy */ = {
			isa = PBXContainerItemProxy;
			containerPortal = 4F8886032432D553006291E5 /* Project object */;
			proxyType = 1;
			remoteGlobalIDString = 4F88860A2432D553006291E5;
			remoteInfo = TicTacInfinity;
		};
/* End PBXContainerItemProxy section */

/* Begin PBXFileReference section */
		4F88860B2432D553006291E5 /* TicTacInfinity.app */ = {isa = PBXFileReference; explicitFileType = wrapper.application; includeInIndex = 0; path = TicTacInfinity.app; sourceTree = BUILT_PRODUCTS_DIR; };
		4F88860E2432D553006291E5 /* AppDelegate.swift */ = {isa = PBXFileReference; lastKnownFileType = sourcecode.swift; path = AppDelegate.swift; sourceTree = "<group>"; };
		4F8886102432D553006291E5 /* SceneDelegate.swift */ = {isa = PBXFileReference; lastKnownFileType = sourcecode.swift; path = SceneDelegate.swift; sourceTree = "<group>"; };
		4F8886122432D553006291E5 /* ViewController.swift */ = {isa = PBXFileReference; lastKnownFileType = sourcecode.swift; path = ViewController.swift; sourceTree = "<group>"; };
		4F8886152432D553006291E5 /* Base */ = {isa = PBXFileReference; lastKnownFileType = file.storyboard; name = Base; path = Base.lproj/Main.storyboard; sourceTree = "<group>"; };
		4F8886172432D556006291E5 /* Assets.xcassets */ = {isa = PBXFileReference; lastKnownFileType = folder.assetcatalog; path = Assets.xcassets; sourceTree = "<group>"; };
		4F88861A2432D556006291E5 /* Base */ = {isa = PBXFileReference; lastKnownFileType = file.storyboard; name = Base; path = Base.lproj/LaunchScreen.storyboard; sourceTree = "<group>"; };
		4F88861C2432D556006291E5 /* Info.plist */ = {isa = PBXFileReference; lastKnownFileType = text.plist.xml; path = Info.plist; sourceTree = "<group>"; };
		4F8886212432D556006291E5 /* TicTacInfinityTests.xctest */ = {isa = PBXFileReference; explicitFileType = wrapper.cfbundle; includeInIndex = 0; path = TicTacInfinityTests.xctest; sourceTree = BUILT_PRODUCTS_DIR; };
		4F8886252432D556006291E5 /* TicTacInfinityTests.swift */ = {isa = PBXFileReference; lastKnownFileType = sourcecode.swift; path = TicTacInfinityTests.swift; sourceTree = "<group>"; };
		4F8886272432D556006291E5 /* Info.plist */ = {isa = PBXFileReference; lastKnownFileType = text.plist.xml; path = Info.plist; sourceTree = "<group>"; };
		4F88862C2432D556006291E5 /* TicTacInfinityUITests.xctest */ = {isa = PBXFileReference; explicitFileType = wrapper.cfbundle; includeInIndex = 0; path = TicTacInfinityUITests.xctest; sourceTree = BUILT_PRODUCTS_DIR; };
		4F8886302432D556006291E5 /* TicTacInfinityUITests.swift */ = {isa = PBXFileReference; lastKnownFileType = sourcecode.swift; path = TicTacInfinityUITests.swift; sourceTree = "<group>"; };
		4F8886322432D556006291E5 /* Info.plist */ = {isa = PBXFileReference; lastKnownFileType = text.plist.xml; path = Info.plist; sourceTree = "<group>"; };
		4F88863E2432D668006291E5 /* Inter-UI-BoldItalic.ttf */ = {isa = PBXFileReference; lastKnownFileType = file; path = "Inter-UI-BoldItalic.ttf"; sourceTree = "<group>"; };
		4F88863F2432D668006291E5 /* Inter-UI-MediumItalic.ttf */ = {isa = PBXFileReference; lastKnownFileType = file; path = "Inter-UI-MediumItalic.ttf"; sourceTree = "<group>"; };
		4F8886402432D669006291E5 /* Inter-UI-Regular.ttf */ = {isa = PBXFileReference; lastKnownFileType = file; path = "Inter-UI-Regular.ttf"; sourceTree = "<group>"; };
		4F8886412432D669006291E5 /* Inter-UI-Medium.ttf */ = {isa = PBXFileReference; lastKnownFileType = file; path = "Inter-UI-Medium.ttf"; sourceTree = "<group>"; };
		4F8886422432D669006291E5 /* Inter-UI-Italic.ttf */ = {isa = PBXFileReference; lastKnownFileType = file; path = "Inter-UI-Italic.ttf"; sourceTree = "<group>"; };
		4F8886432432D669006291E5 /* Inter-UI-Black.ttf */ = {isa = PBXFileReference; lastKnownFileType = file; path = "Inter-UI-Black.ttf"; sourceTree = "<group>"; };
		4F8886442432D669006291E5 /* Inter-UI-Bold.ttf */ = {isa = PBXFileReference; lastKnownFileType = file; path = "Inter-UI-Bold.ttf"; sourceTree = "<group>"; };
		4F8886452432D669006291E5 /* Inter-UI-BlackItalic.ttf */ = {isa = PBXFileReference; lastKnownFileType = file; path = "Inter-UI-BlackItalic.ttf"; sourceTree = "<group>"; };
/* End PBXFileReference section */

/* Begin PBXFrameworksBuildPhase section */
		4F8886082432D553006291E5 /* Frameworks */ = {
			isa = PBXFrameworksBuildPhase;
			buildActionMask = 2147483647;
			files = (
			);
			runOnlyForDeploymentPostprocessing = 0;
		};
		4F88861E2432D556006291E5 /* Frameworks */ = {
			isa = PBXFrameworksBuildPhase;
			buildActionMask = 2147483647;
			files = (
			);
			runOnlyForDeploymentPostprocessing = 0;
		};
		4F8886292432D556006291E5 /* Frameworks */ = {
			isa = PBXFrameworksBuildPhase;
			buildActionMask = 2147483647;
			files = (
			);
			runOnlyForDeploymentPostprocessing = 0;
		};
/* End PBXFrameworksBuildPhase section */

/* Begin PBXGroup section */
		4F8886022432D553006291E5 = {
			isa = PBXGroup;
			children = (
				4F88860D2432D553006291E5 /* TicTacInfinity */,
				4F8886242432D556006291E5 /* TicTacInfinityTests */,
				4F88862F2432D556006291E5 /* TicTacInfinityUITests */,
				4F88860C2432D553006291E5 /* Products */,
			);
			sourceTree = "<group>";
		};
		4F88860C2432D553006291E5 /* Products */ = {
			isa = PBXGroup;
			children = (
				4F88860B2432D553006291E5 /* TicTacInfinity.app */,
				4F8886212432D556006291E5 /* TicTacInfinityTests.xctest */,
				4F88862C2432D556006291E5 /* TicTacInfinityUITests.xctest */,
			);
			name = Products;
			sourceTree = "<group>";
		};
		4F88860D2432D553006291E5 /* TicTacInfinity */ = {
			isa = PBXGroup;
			children = (
				4F88860E2432D553006291E5 /* AppDelegate.swift */,
				4F8886102432D553006291E5 /* SceneDelegate.swift */,
				4F8886122432D553006291E5 /* ViewController.swift */,
				4F8886142432D553006291E5 /* Main.storyboard */,
				4F8886172432D556006291E5 /* Assets.xcassets */,
				4F8886192432D556006291E5 /* LaunchScreen.storyboard */,
				4F88861C2432D556006291E5 /* Info.plist */,
				4F8886432432D669006291E5 /* Inter-UI-Black.ttf */,
				4F8886452432D669006291E5 /* Inter-UI-BlackItalic.ttf */,
				4F8886442432D669006291E5 /* Inter-UI-Bold.ttf */,
				4F88863E2432D668006291E5 /* Inter-UI-BoldItalic.ttf */,
				4F8886422432D669006291E5 /* Inter-UI-Italic.ttf */,
				4F8886412432D669006291E5 /* Inter-UI-Medium.ttf */,
				4F88863F2432D668006291E5 /* Inter-UI-MediumItalic.ttf */,
				4F8886402432D669006291E5 /* Inter-UI-Regular.ttf */,
			);
			path = TicTacInfinity;
			sourceTree = "<group>";
		};
		4F8886242432D556006291E5 /* TicTacInfinityTests */ = {
			isa = PBXGroup;
			children = (
				4F8886252432D556006291E5 /* TicTacInfinityTests.swift */,
				4F8886272432D556006291E5 /* Info.plist */,
			);
			path = TicTacInfinityTests;
			sourceTree = "<group>";
		};
		4F88862F2432D556006291E5 /* TicTacInfinityUITests */ = {
			isa = PBXGroup;
			children = (
				4F8886302432D556006291E5 /* TicTacInfinityUITests.swift */,
				4F8886322432D556006291E5 /* Info.plist */,
			);
			path = TicTacInfinityUITests;
			sourceTree = "<group>";
		};
/* End PBXGroup section */

/* Begin PBXNativeTarget section */
		4F88860A2432D553006291E5 /* TicTacInfinity */ = {
			isa = PBXNativeTarget;
			buildConfigurationList = 4F8886352432D556006291E5 /* Build configuration list for PBXNativeTarget "TicTacInfinity" */;
			buildPhases = (
				4F8886072432D553006291E5 /* Sources */,
				4F8886082432D553006291E5 /* Frameworks */,
				4F8886092432D553006291E5 /* Resources */,
			);
			buildRules = (
			);
			dependencies = (
			);
			name = TicTacInfinity;
			productName = TicTacInfinity;
			productReference = 4F88860B2432D553006291E5 /* TicTacInfinity.app */;
			productType = "com.apple.product-type.application";
		};
		4F8886202432D556006291E5 /* TicTacInfinityTests */ = {
			isa = PBXNativeTarget;
			buildConfigurationList = 4F8886382432D556006291E5 /* Build configuration list for PBXNativeTarget "TicTacInfinityTests" */;
			buildPhases = (
				4F88861D2432D556006291E5 /* Sources */,
				4F88861E2432D556006291E5 /* Frameworks */,
				4F88861F2432D556006291E5 /* Resources */,
			);
			buildRules = (
			);
			dependencies = (
				4F8886232432D556006291E5 /* PBXTargetDependency */,
			);
			name = TicTacInfinityTests;
			productName = TicTacInfinityTests;
			productReference = 4F8886212432D556006291E5 /* TicTacInfinityTests.xctest */;
			productType = "com.apple.product-type.bundle.unit-test";
		};
		4F88862B2432D556006291E5 /* TicTacInfinityUITests */ = {
			isa = PBXNativeTarget;
			buildConfigurationList = 4F88863B2432D556006291E5 /* Build configuration list for PBXNativeTarget "TicTacInfinityUITests" */;
			buildPhases = (
				4F8886282432D556006291E5 /* Sources */,
				4F8886292432D556006291E5 /* Frameworks */,
				4F88862A2432D556006291E5 /* Resources */,
			);
			buildRules = (
			);
			dependencies = (
				4F88862E2432D556006291E5 /* PBXTargetDependency */,
			);
			name = TicTacInfinityUITests;
			productName = TicTacInfinityUITests;
			productReference = 4F88862C2432D556006291E5 /* TicTacInfinityUITests.xctest */;
			productType = "com.apple.product-type.bundle.ui-testing";
		};
/* End PBXNativeTarget section */

/* Begin PBXProject section */
		4F8886032432D553006291E5 /* Project object */ = {
			isa = PBXProject;
			attributes = {
				LastSwiftUpdateCheck = 1140;
				LastUpgradeCheck = 1140;
				ORGANIZATIONNAME = "Moonshot Applications";
				TargetAttributes = {
					4F88860A2432D553006291E5 = {
						CreatedOnToolsVersion = 11.4;
					};
					4F8886202432D556006291E5 = {
						CreatedOnToolsVersion = 11.4;
						TestTargetID = 4F88860A2432D553006291E5;
					};
					4F88862B2432D556006291E5 = {
						CreatedOnToolsVersion = 11.4;
						TestTargetID = 4F88860A2432D553006291E5;
					};
				};
			};
			buildConfigurationList = 4F8886062432D553006291E5 /* Build configuration list for PBXProject "TicTacInfinity" */;
			compatibilityVersion = "Xcode 9.3";
			developmentRegion = en;
			hasScannedForEncodings = 0;
			knownRegions = (
				en,
				Base,
			);
			mainGroup = 4F8886022432D553006291E5;
			productRefGroup = 4F88860C2432D553006291E5 /* Products */;
			projectDirPath = "";
			projectRoot = "";
			targets = (
				4F88860A2432D553006291E5 /* TicTacInfinity */,
				4F8886202432D556006291E5 /* TicTacInfinityTests */,
				4F88862B2432D556006291E5 /* TicTacInfinityUITests */,
			);
		};
/* End PBXProject section */

/* Begin PBXResourcesBuildPhase section */
		4F8886092432D553006291E5 /* Resources */ = {
			isa = PBXResourcesBuildPhase;
			buildActionMask = 2147483647;
			files = (
				4F88861B2432D556006291E5 /* LaunchScreen.storyboard in Resources */,
				4F8886182432D556006291E5 /* Assets.xcassets in Resources */,
				4F8886162432D553006291E5 /* Main.storyboard in Resources */,
			);
			runOnlyForDeploymentPostprocessing = 0;
		};
		4F88861F2432D556006291E5 /* Resources */ = {
			isa = PBXResourcesBuildPhase;
			buildActionMask = 2147483647;
			files = (
			);
			runOnlyForDeploymentPostprocessing = 0;
		};
		4F88862A2432D556006291E5 /* Resources */ = {
			isa = PBXResourcesBuildPhase;
			buildActionMask = 2147483647;
			files = (
			);
			runOnlyForDeploymentPostprocessing = 0;
		};
/* End PBXResourcesBuildPhase section */

/* Begin PBXSourcesBuildPhase section */
		4F8886072432D553006291E5 /* Sources */ = {
			isa = PBXSourcesBuildPhase;
			buildActionMask = 2147483647;
			files = (
				4F8886132432D553006291E5 /* ViewController.swift in Sources */,
				4F88860F2432D553006291E5 /* AppDelegate.swift in Sources */,
				4F8886112432D553006291E5 /* SceneDelegate.swift in Sources */,
			);
			runOnlyForDeploymentPostprocessing = 0;
		};
		4F88861D2432D556006291E5 /* Sources */ = {
			isa = PBXSourcesBuildPhase;
			buildActionMask = 2147483647;
			files = (
				4F8886262432D556006291E5 /* TicTacInfinityTests.swift in Sources */,
			);
			runOnlyForDeploymentPostprocessing = 0;
		};
		4F8886282432D556006291E5 /* Sources */ = {
			isa = PBXSourcesBuildPhase;
			buildActionMask = 2147483647;
			files = (
				4F8886312432D556006291E5 /* TicTacInfinityUITests.swift in Sources */,
			);
			runOnlyForDeploymentPostprocessing = 0;
		};
/* End PBXSourcesBuildPhase section */

/* Begin PBXTargetDependency section */
		4F8886232432D556006291E5 /* PBXTargetDependency */ = {
			isa = PBXTargetDependency;
			target = 4F88860A2432D553006291E5 /* TicTacInfinity */;
			targetProxy = 4F8886222432D556006291E5 /* PBXContainerItemProxy */;
		};
		4F88862E2432D556006291E5 /* PBXTargetDependency */ = {
			isa = PBXTargetDependency;
			target = 4F88860A2432D553006291E5 /* TicTacInfinity */;
			targetProxy = 4F88862D2432D556006291E5 /* PBXContainerItemProxy */;
		};
/* End PBXTargetDependency section */

/* Begin PBXVariantGroup section */
		4F8886142432D553006291E5 /* Main.storyboard */ = {
			isa = PBXVariantGroup;
			children = (
				4F8886152432D553006291E5 /* Base */,
			);
			name = Main.storyboard;
			sourceTree = "<group>";
		};
		4F8886192432D556006291E5 /* LaunchScreen.storyboard */ = {
			isa = PBXVariantGroup;
			children = (
				4F88861A2432D556006291E5 /* Base */,
			);
			name = LaunchScreen.storyboard;
			sourceTree = "<group>";
		};
/* End PBXVariantGroup section */

/* Begin XCBuildConfiguration section */
		4F8886332432D556006291E5 /* Debug */ = {
			isa = XCBuildConfiguration;
			buildSettings = {
				ALWAYS_SEARCH_USER_PATHS = NO;
				CLANG_ANALYZER_NONNULL = YES;
				CLANG_ANALYZER_NUMBER_OBJECT_CONVERSION = YES_AGGRESSIVE;
				CLANG_CXX_LANGUAGE_STANDARD = "gnu++14";
				CLANG_CXX_LIBRARY = "libc++";
				CLANG_ENABLE_MODULES = YES;
				CLANG_ENABLE_OBJC_ARC = YES;
				CLANG_ENABLE_OBJC_WEAK = YES;
				CLANG_WARN_BLOCK_CAPTURE_AUTORELEASING = YES;
				CLANG_WARN_BOOL_CONVERSION = YES;
				CLANG_WARN_COMMA = YES;
				CLANG_WARN_CONSTANT_CONVERSION = YES;
				CLANG_WARN_DEPRECATED_OBJC_IMPLEMENTATIONS = YES;
				CLANG_WARN_DIRECT_OBJC_ISA_USAGE = YES_ERROR;
				CLANG_WARN_DOCUMENTATION_COMMENTS = YES;
				CLANG_WARN_EMPTY_BODY = YES;
				CLANG_WARN_ENUM_CONVERSION = YES;
				CLANG_WARN_INFINITE_RECURSION = YES;
				CLANG_WARN_INT_CONVERSION = YES;
				CLANG_WARN_NON_LITERAL_NULL_CONVERSION = YES;
				CLANG_WARN_OBJC_IMPLICIT_RETAIN_SELF = YES;
				CLANG_WARN_OBJC_LITERAL_CONVERSION = YES;
				CLANG_WARN_OBJC_ROOT_CLASS = YES_ERROR;
				CLANG_WARN_RANGE_LOOP_ANALYSIS = YES;
				CLANG_WARN_STRICT_PROTOTYPES = YES;
				CLANG_WARN_SUSPICIOUS_MOVE = YES;
				CLANG_WARN_UNGUARDED_AVAILABILITY = YES_AGGRESSIVE;
				CLANG_WARN_UNREACHABLE_CODE = YES;
				CLANG_WARN__DUPLICATE_METHOD_MATCH = YES;
				COPY_PHASE_STRIP = NO;
				DEBUG_INFORMATION_FORMAT = dwarf;
				ENABLE_STRICT_OBJC_MSGSEND = YES;
				ENABLE_TESTABILITY = YES;
				GCC_C_LANGUAGE_STANDARD = gnu11;
				GCC_DYNAMIC_NO_PIC = NO;
				GCC_NO_COMMON_BLOCKS = YES;
				GCC_OPTIMIZATION_LEVEL = 0;
				GCC_PREPROCESSOR_DEFINITIONS = (
					"DEBUG=1",
					"$(inherited)",
				);
				GCC_WARN_64_TO_32_BIT_CONVERSION = YES;
				GCC_WARN_ABOUT_RETURN_TYPE = YES_ERROR;
				GCC_WARN_UNDECLARED_SELECTOR = YES;
				GCC_WARN_UNINITIALIZED_AUTOS = YES_AGGRESSIVE;
				GCC_WARN_UNUSED_FUNCTION = YES;
				GCC_WARN_UNUSED_VARIABLE = YES;
				IPHONEOS_DEPLOYMENT_TARGET = 13.4;
				MTL_ENABLE_DEBUG_INFO = INCLUDE_SOURCE;
				MTL_FAST_MATH = YES;
				ONLY_ACTIVE_ARCH = YES;
				SDKROOT = iphoneos;
				SWIFT_ACTIVE_COMPILATION_CONDITIONS = DEBUG;
				SWIFT_OPTIMIZATION_LEVEL = "-Onone";
			};
			name = Debug;
		};
		4F8886342432D556006291E5 /* Release */ = {
			isa = XCBuildConfiguration;
			buildSettings = {
				ALWAYS_SEARCH_USER_PATHS = NO;
				CLANG_ANALYZER_NONNULL = YES;
				CLANG_ANALYZER_NUMBER_OBJECT_CONVERSION = YES_AGGRESSIVE;
				CLANG_CXX_LANGUAGE_STANDARD = "gnu++14";
				CLANG_CXX_LIBRARY = "libc++";
				CLANG_ENABLE_MODULES = YES;
				CLANG_ENABLE_OBJC_ARC = YES;
				CLANG_ENABLE_OBJC_WEAK = YES;
				CLANG_WARN_BLOCK_CAPTURE_AUTORELEASING = YES;
				CLANG_WARN_BOOL_CONVERSION = YES;
				CLANG_WARN_COMMA = YES;
				CLANG_WARN_CONSTANT_CONVERSION = YES;
				CLANG_WARN_DEPRECATED_OBJC_IMPLEMENTATIONS = YES;
				CLANG_WARN_DIRECT_OBJC_ISA_USAGE = YES_ERROR;
				CLANG_WARN_DOCUMENTATION_COMMENTS = YES;
				CLANG_WARN_EMPTY_BODY = YES;
				CLANG_WARN_ENUM_CONVERSION = YES;
				CLANG_WARN_INFINITE_RECURSION = YES;
				CLANG_WARN_INT_CONVERSION = YES;
				CLANG_WARN_NON_LITERAL_NULL_CONVERSION = YES;
				CLANG_WARN_OBJC_IMPLICIT_RETAIN_SELF = YES;
				CLANG_WARN_OBJC_LITERAL_CONVERSION = YES;
				CLANG_WARN_OBJC_ROOT_CLASS = YES_ERROR;
				CLANG_WARN_RANGE_LOOP_ANALYSIS = YES;
				CLANG_WARN_STRICT_PROTOTYPES = YES;
				CLANG_WARN_SUSPICIOUS_MOVE = YES;
				CLANG_WARN_UNGUARDED_AVAILABILITY = YES_AGGRESSIVE;
				CLANG_WARN_UNREACHABLE_CODE = YES;
				CLANG_WARN__DUPLICATE_METHOD_MATCH = YES;
				COPY_PHASE_STRIP = NO;
				DEBUG_INFORMATION_FORMAT = "dwarf-with-dsym";
				ENABLE_NS_ASSERTIONS = NO;
				ENABLE_STRICT_OBJC_MSGSEND = YES;
				GCC_C_LANGUAGE_STANDARD = gnu11;
				GCC_NO_COMMON_BLOCKS = YES;
				GCC_WARN_64_TO_32_BIT_CONVERSION = YES;
				GCC_WARN_ABOUT_RETURN_TYPE = YES_ERROR;
				GCC_WARN_UNDECLARED_SELECTOR = YES;
				GCC_WARN_UNINITIALIZED_AUTOS = YES_AGGRESSIVE;
				GCC_WARN_UNUSED_FUNCTION = YES;
				GCC_WARN_UNUSED_VARIABLE = YES;
				IPHONEOS_DEPLOYMENT_TARGET = 13.4;
				MTL_ENABLE_DEBUG_INFO = NO;
				MTL_FAST_MATH = YES;
				SDKROOT = iphoneos;
				SWIFT_COMPILATION_MODE = wholemodule;
				SWIFT_OPTIMIZATION_LEVEL = "-O";
				VALIDATE_PRODUCT = YES;
			};
			name = Release;
		};
		4F8886362432D556006291E5 /* Debug */ = {
			isa = XCBuildConfiguration;
			buildSettings = {
				ASSETCATALOG_COMPILER_APPICON_NAME = AppIcon;
				CODE_SIGN_STYLE = Automatic;
				DEVELOPMENT_TEAM = 5CY5UTYJH5;
				INFOPLIST_FILE = TicTacInfinity/Info.plist;
				LD_RUNPATH_SEARCH_PATHS = (
					"$(inherited)",
					"@executable_path/Frameworks",
				);
				PRODUCT_BUNDLE_IDENTIFIER = com.MoonshotApps.TicTacInfinity;
				PRODUCT_NAME = "$(TARGET_NAME)";
				SWIFT_VERSION = 5.0;
				TARGETED_DEVICE_FAMILY = "1,2";
			};
			name = Debug;
		};
		4F8886372432D556006291E5 /* Release */ = {
			isa = XCBuildConfiguration;
			buildSettings = {
				ASSETCATALOG_COMPILER_APPICON_NAME = AppIcon;
				CODE_SIGN_STYLE = Automatic;
				DEVELOPMENT_TEAM = 5CY5UTYJH5;
				INFOPLIST_FILE = TicTacInfinity/Info.plist;
				LD_RUNPATH_SEARCH_PATHS = (
					"$(inherited)",
					"@executable_path/Frameworks",
				);
				PRODUCT_BUNDLE_IDENTIFIER = com.MoonshotApps.TicTacInfinity;
				PRODUCT_NAME = "$(TARGET_NAME)";
				SWIFT_VERSION = 5.0;
				TARGETED_DEVICE_FAMILY = "1,2";
			};
			name = Release;
		};
		4F8886392432D556006291E5 /* Debug */ = {
			isa = XCBuildConfiguration;
			buildSettings = {
				ALWAYS_EMBED_SWIFT_STANDARD_LIBRARIES = YES;
				BUNDLE_LOADER = "$(TEST_HOST)";
				CODE_SIGN_STYLE = Automatic;
				DEVELOPMENT_TEAM = 5CY5UTYJH5;
				INFOPLIST_FILE = TicTacInfinityTests/Info.plist;
				IPHONEOS_DEPLOYMENT_TARGET = 13.4;
				LD_RUNPATH_SEARCH_PATHS = (
					"$(inherited)",
					"@executable_path/Frameworks",
					"@loader_path/Frameworks",
				);
				PRODUCT_BUNDLE_IDENTIFIER = com.MoonshotApps.TicTacInfinityTests;
				PRODUCT_NAME = "$(TARGET_NAME)";
				SWIFT_VERSION = 5.0;
				TARGETED_DEVICE_FAMILY = "1,2";
				TEST_HOST = "$(BUILT_PRODUCTS_DIR)/TicTacInfinity.app/TicTacInfinity";
			};
			name = Debug;
		};
		4F88863A2432D556006291E5 /* Release */ = {
			isa = XCBuildConfiguration;
			buildSettings = {
				ALWAYS_EMBED_SWIFT_STANDARD_LIBRARIES = YES;
				BUNDLE_LOADER = "$(TEST_HOST)";
				CODE_SIGN_STYLE = Automatic;
				DEVELOPMENT_TEAM = 5CY5UTYJH5;
				INFOPLIST_FILE = TicTacInfinityTests/Info.plist;
				IPHONEOS_DEPLOYMENT_TARGET = 13.4;
				LD_RUNPATH_SEARCH_PATHS = (
					"$(inherited)",
					"@executable_path/Frameworks",
					"@loader_path/Frameworks",
				);
				PRODUCT_BUNDLE_IDENTIFIER = com.MoonshotApps.TicTacInfinityTests;
				PRODUCT_NAME = "$(TARGET_NAME)";
				SWIFT_VERSION = 5.0;
				TARGETED_DEVICE_FAMILY = "1,2";
				TEST_HOST = "$(BUILT_PRODUCTS_DIR)/TicTacInfinity.app/TicTacInfinity";
			};
			name = Release;
		};
		4F88863C2432D556006291E5 /* Debug */ = {
			isa = XCBuildConfiguration;
			buildSettings = {
				ALWAYS_EMBED_SWIFT_STANDARD_LIBRARIES = YES;
				CODE_SIGN_STYLE = Automatic;
				DEVELOPMENT_TEAM = 5CY5UTYJH5;
				INFOPLIST_FILE = TicTacInfinityUITests/Info.plist;
				LD_RUNPATH_SEARCH_PATHS = (
					"$(inherited)",
					"@executable_path/Frameworks",
					"@loader_path/Frameworks",
				);
				PRODUCT_BUNDLE_IDENTIFIER = com.MoonshotApps.TicTacInfinityUITests;
				PRODUCT_NAME = "$(TARGET_NAME)";
				SWIFT_VERSION = 5.0;
				TARGETED_DEVICE_FAMILY = "1,2";
				TEST_TARGET_NAME = TicTacInfinity;
			};
			name = Debug;
		};
		4F88863D2432D556006291E5 /* Release */ = {
			isa = XCBuildConfiguration;
			buildSettings = {
				ALWAYS_EMBED_SWIFT_STANDARD_LIBRARIES = YES;
				CODE_SIGN_STYLE = Automatic;
				DEVELOPMENT_TEAM = 5CY5UTYJH5;
				INFOPLIST_FILE = TicTacInfinityUITests/Info.plist;
				LD_RUNPATH_SEARCH_PATHS = (
					"$(inherited)",
					"@executable_path/Frameworks",
					"@loader_path/Frameworks",
				);
				PRODUCT_BUNDLE_IDENTIFIER = com.MoonshotApps.TicTacInfinityUITests;
				PRODUCT_NAME = "$(TARGET_NAME)";
				SWIFT_VERSION = 5.0;
				TARGETED_DEVICE_FAMILY = "1,2";
				TEST_TARGET_NAME = TicTacInfinity;
			};
			name = Release;
		};
/* End XCBuildConfiguration section */

/* Begin XCConfigurationList section */
		4F8886062432D553006291E5 /* Build configuration list for PBXProject "TicTacInfinity" */ = {
			isa = XCConfigurationList;
			buildConfigurations = (
				4F8886332432D556006291E5 /* Debug */,
				4F8886342432D556006291E5 /* Release */,
			);
			defaultConfigurationIsVisible = 0;
			defaultConfigurationName = Release;
		};
		4F8886352432D556006291E5 /* Build configuration list for PBXNativeTarget "TicTacInfinity" */ = {
			isa = XCConfigurationList;
			buildConfigurations = (
				4F8886362432D556006291E5 /* Debug */,
				4F8886372432D556006291E5 /* Release */,
			);
			defaultConfigurationIsVisible = 0;
			defaultConfigurationName = Release;
		};
		4F8886382432D556006291E5 /* Build configuration list for PBXNativeTarget "TicTacInfinityTests" */ = {
			isa = XCConfigurationList;
			buildConfigurations = (
				4F8886392432D556006291E5 /* Debug */,
				4F88863A2432D556006291E5 /* Release */,
			);
			defaultConfigurationIsVisible = 0;
			defaultConfigurationName = Release;
		};
		4F88863B2432D556006291E5 /* Build configuration list for PBXNativeTarget "TicTacInfinityUITests" */ = {
			isa = XCConfigurationList;
			buildConfigurations = (
				4F88863C2432D556006291E5 /* Debug */,
				4F88863D2432D556006291E5 /* Release */,
			);
			defaultConfigurationIsVisible = 0;
			defaultConfigurationName = Release;
		};
/* End XCConfigurationList section */
	};
	rootObject = 4F8886032432D553006291E5 /* Project object */;
}
